hash: c647f108a4f69cc1b0844336d29ea0b9377c954e03c52afdd09e3bb01784201d
updated: 2017-11-07T09:39:07.4388644-08:00
imports:
- name: github.com/Azure/azure-sdk-for-go
  version: 153d3422c65465edfcdbf2ce1707b35ab3891845
  subpackages:
  - github.com/Azure/azure-sdk-for-go/profiles/2017-03-09/network/mgmt/network
  - github.com/Azure/azure-sdk-for-go/profiles/2017-03-09/resources/mgmt/resources
  - profiles/2017-03-09/network/mgmt/network
  - profiles/2017-03-09/resources/mgmt/resources
  - services/network/mgmt/2015-06-15/network
  - services/resources/mgmt/2016-02-01/resources
- name: github.com/Azure/go-autorest
  version: 8efdaa3a898515764e6039c03e8d953c10519915
  subpackages:
  - autorest
  - autorest/azure
  - autorest/date
  - autorest/to
  - autorest/adal
  - autorest/validation
- name: github.com/dgrijalva/jwt-go
  version: dbeaa9332f19a944acb5736b4456cfcc02140e29
- name: github.com/marstr/guid
  version: 8926f83764578dfb6b5017223c12135cbc967a20
testImports: []
